
Microsoft Visual Studio Solution File, Format Version 12.00
# Visual Studio Version 17
VisualStudioVersion = 17.7.34031.279
MinimumVisualStudioVersion = 10.0.40219.1
Project("{FAE04EC0-301F-11D3-BF4B-00C04F79EFBC}") = "PC4P3", "PC4P3\PC4P3.csproj", "{23D78D46-4A4D-4380-8B99-D4638C37858B}"
EndProject
Global
	GlobalSection(SolutionConfigurationPlatforms) = preSolution
		Debug|Any CPU = Debug|Any CPU
		Release|Any CPU = Release|Any CPU
	EndGlobalSection
	GlobalSection(ProjectConfigurationPlatforms) = postSolution
		{23D78D46-4A4D-4380-8B99-D4638C37858B}.Debug|Any CPU.ActiveCfg = Debug|Any CPU
		{23D78D46-4A4D-4380-8B99-D4638C37858B}.Debug|Any CPU.Build.0 = Debug|Any CPU
		{23D78D46-4A4D-4380-8B99-D4638C37858B}.Release|Any CPU.ActiveCfg = Release|Any CPU
		{23D78D46-4A4D-4380-8B99-D4638C37858B}.Release|Any CPU.Build.0 = Release|Any CPU
	EndGlobalSection
	GlobalSection(SolutionProperties) = preSolution
		HideSolutionNode = FALSE
	EndGlobalSection
	GlobalSection(ExtensibilityGlobals) = postSolution
		SolutionGuid = {7AE6DFAC-E7FE-4AE2-A95B-696D54C00AD0}
	EndGlobalSection
EndGlobal
